
Microsoft Visual Studio Solution File, Format Version 12.00
# Visual Studio Version 17
VisualStudioVersion = 17.10.34916.146
MinimumVisualStudioVersion = 10.0.40219.1
Project("{FAE04EC0-301F-11D3-BF4B-00C04F79EFBC}") = "Server", "Server\Server.csproj", "{A6EAB1B3-42CE-4BD0-BD5D-948B671E265A}"
EndProject
Project("{FAE04EC0-301F-11D3-BF4B-00C04F79EFBC}") = "Client", "Client\Client.csproj", "{A9EB3B61-7436-4D5E-A3C5-A613C0DE13C0}"
EndProject
Project("{E53339B2-1760-4266-BCC7-CA923CBCF16C}") = "docker-compose", "docker-compose.dcproj", "{FA18B1D5-3C74-46C2-B86C-B956115882C3}"
EndProject
Project("{FAE04EC0-301F-11D3-BF4B-00C04F79EFBC}") = "Shared", "Shared\Shared.csproj", "{43B15CE0-0BE8-493D-BC45-41C8807F2B36}"
EndProject
Global
	GlobalSection(SolutionConfigurationPlatforms) = preSolution
		Debug|Any CPU = Debug|Any CPU
		Release|Any CPU = Release|Any CPU
	EndGlobalSection
	GlobalSection(ProjectConfigurationPlatforms) = postSolution
		{A6EAB1B3-42CE-4BD0-BD5D-948B671E265A}.Debug|Any CPU.ActiveCfg = Debug|Any CPU
		{A6EAB1B3-42CE-4BD0-BD5D-948B671E265A}.Debug|Any CPU.Build.0 = Debug|Any CPU
		{A6EAB1B3-42CE-4BD0-BD5D-948B671E265A}.Release|Any CPU.ActiveCfg = Release|Any CPU
		{A6EAB1B3-42CE-4BD0-BD5D-948B671E265A}.Release|Any CPU.Build.0 = Release|Any CPU
		{A9EB3B61-7436-4D5E-A3C5-A613C0DE13C0}.Debug|Any CPU.ActiveCfg = Debug|Any CPU
		{A9EB3B61-7436-4D5E-A3C5-A613C0DE13C0}.Debug|Any CPU.Build.0 = Debug|Any CPU
		{A9EB3B61-7436-4D5E-A3C5-A613C0DE13C0}.Release|Any CPU.ActiveCfg = Release|Any CPU
		{A9EB3B61-7436-4D5E-A3C5-A613C0DE13C0}.Release|Any CPU.Build.0 = Release|Any CPU
		{FA18B1D5-3C74-46C2-B86C-B956115882C3}.Debug|Any CPU.ActiveCfg = Debug|Any CPU
		{FA18B1D5-3C74-46C2-B86C-B956115882C3}.Debug|Any CPU.Build.0 = Debug|Any CPU
		{FA18B1D5-3C74-46C2-B86C-B956115882C3}.Release|Any CPU.ActiveCfg = Release|Any CPU
		{FA18B1D5-3C74-46C2-B86C-B956115882C3}.Release|Any CPU.Build.0 = Release|Any CPU
		{43B15CE0-0BE8-493D-BC45-41C8807F2B36}.Debug|Any CPU.ActiveCfg = Debug|Any CPU
		{43B15CE0-0BE8-493D-BC45-41C8807F2B36}.Debug|Any CPU.Build.0 = Debug|Any CPU
		{43B15CE0-0BE8-493D-BC45-41C8807F2B36}.Release|Any CPU.ActiveCfg = Release|Any CPU
		{43B15CE0-0BE8-493D-BC45-41C8807F2B36}.Release|Any CPU.Build.0 = Release|Any CPU
	EndGlobalSection
	GlobalSection(SolutionProperties) = preSolution
		HideSolutionNode = FALSE
	EndGlobalSection
	GlobalSection(ExtensibilityGlobals) = postSolution
		SolutionGuid = {2F80B6C6-7CDE-498D-B285-052D9F2CBF1C}
	EndGlobalSection
EndGlobal
